
Microsoft Visual Studio Solution File, Format Version 12.00
# Visual Studio Version 17
VisualStudioVersion = 17.1.32210.238
MinimumVisualStudioVersion = 10.0.40219.1
Project("{2150E333-8FDC-42A3-9474-1A3956D46DE8}") = "ApiGateway", "ApiGateway", "{5B54B2CD-C094-4D42-A526-3BA1FCE7F12D}"
EndProject
Project("{9A19103F-16F7-4668-BE54-9A1E7A4F7556}") = "ApiGateway", "ApiGateway\ApiGateway.csproj", "{4DD821A8-E075-49E4-AB66-E03EC5B1532C}"
EndProject
Project("{2150E333-8FDC-42A3-9474-1A3956D46DE8}") = "EmployeeMicroservice", "EmployeeMicroservice", "{A8F398C2-C2B8-4F50-AF40-B486FF957807}"
EndProject
Project("{9A19103F-16F7-4668-BE54-9A1E7A4F7556}") = "EmployeeMicroservice.Db", "EmployeeMicroservice\EmployeeMicroservice.Db\EmployeeMicroservice.Db.csproj", "{E3674974-A3A0-4907-A9A4-314EEA5ADB43}"
EndProject
Project("{9A19103F-16F7-4668-BE54-9A1E7A4F7556}") = "EmployeeMicroservice.Api", "EmployeeMicroservice\EmployeeMicroservice\EmployeeMicroservice.Api.csproj", "{90BE4EB5-49E2-40D6-8E2A-7668E338A738}"
EndProject
Project("{2150E333-8FDC-42A3-9474-1A3956D46DE8}") = "Common", "Common", "{3AE3552B-A91A-4F69-BAD8-1EF0DD304579}"
EndProject
Project("{9A19103F-16F7-4668-BE54-9A1E7A4F7556}") = "EmployeeMicroservice.Services", "EmployeeMicroservice\EmployeeMicroservice.Services\EmployeeMicroservice.Services.csproj", "{ABFB5AC2-F6D6-4B71-820D-27667B92BEF7}"
EndProject
Project("{9A19103F-16F7-4668-BE54-9A1E7A4F7556}") = "Common", "Common\Common.csproj", "{153B3DFE-C9A7-4406-BA02-F50870ED46F4}"
EndProject
Project("{2150E333-8FDC-42A3-9474-1A3956D46DE8}") = "LogMicroservice", "LogMicroservice", "{E36C48EC-B4B9-4623-AE65-B875601D7510}"
EndProject
Project("{9A19103F-16F7-4668-BE54-9A1E7A4F7556}") = "LogMicroservice.Api", "LogMicroservice\LogMicroservice\LogMicroservice.Api.csproj", "{9A28C867-A97D-4F6A-8E31-35635066E0ED}"
EndProject
Project("{2150E333-8FDC-42A3-9474-1A3956D46DE8}") = "ReportMicroservice", "ReportMicroservice", "{575755DF-EE6A-4074-BB35-39A4C10E6E04}"
EndProject
Project("{9A19103F-16F7-4668-BE54-9A1E7A4F7556}") = "ReportMicroservice.Api", "ReportMicroservice\ReportMicroservice\ReportMicroservice.Api.csproj", "{52A33649-5ADE-4141-8033-E1FCB96839A8}"
EndProject
Project("{9A19103F-16F7-4668-BE54-9A1E7A4F7556}") = "LogMicroservice.Db", "LogMicroservice\LogMicroservice.Db\LogMicroservice.Db.csproj", "{A182E48D-A6F8-4EFA-A887-5308EE46637F}"
EndProject
Project("{9A19103F-16F7-4668-BE54-9A1E7A4F7556}") = "LogMicroservice.Sevices", "LogMicroservice\LogMicroservice.Sevices\LogMicroservice.Sevices.csproj", "{B4BA8370-8166-49D8-AA85-D3FB3109DE1F}"
EndProject
Project("{2150E333-8FDC-42A3-9474-1A3956D46DE8}") = "AuthorizationMicroservice", "AuthorizationMicroservice", "{41C7F671-537A-4A73-8DB8-697EB45B4020}"
EndProject
Project("{9A19103F-16F7-4668-BE54-9A1E7A4F7556}") = "AuthorizationMicroservice.Api", "AuthorizationMicroservice\AuthorizationMicroservice\AuthorizationMicroservice.Api.csproj", "{7B821C82-A6AC-4F63-9B90-F903A634F8FE}"
EndProject
Project("{9A19103F-16F7-4668-BE54-9A1E7A4F7556}") = "AuthorizationMicroservice.Db", "AuthorizationMicroservice\AuthorizationMicroservice.Db\AuthorizationMicroservice.Db.csproj", "{BB69B3D7-4119-472F-9346-B93FFD1FC3B9}"
EndProject
Project("{9A19103F-16F7-4668-BE54-9A1E7A4F7556}") = "AuthorizationMicroservice.Services", "AuthorizationMicroservice\AuthorizationMicroservice.Services\AuthorizationMicroservice.Services.csproj", "{B48D508C-5F9E-4923-AA08-070445EC030E}"
EndProject
Project("{2150E333-8FDC-42A3-9474-1A3956D46DE8}") = "Solution Items", "Solution Items", "{B006FC8C-BC24-4B48-91A9-1D0769EF6E9A}"
	ProjectSection(SolutionItems) = preProject
		NuGet packages install comands.txt = NuGet packages install comands.txt
		Run RabbitMq.bat = Run RabbitMq.bat
	EndProjectSection
EndProject
Global
	GlobalSection(SolutionConfigurationPlatforms) = preSolution
		Debug|Any CPU = Debug|Any CPU
		Release|Any CPU = Release|Any CPU
	EndGlobalSection
	GlobalSection(ProjectConfigurationPlatforms) = postSolution
		{4DD821A8-E075-49E4-AB66-E03EC5B1532C}.Debug|Any CPU.ActiveCfg = Debug|Any CPU
		{4DD821A8-E075-49E4-AB66-E03EC5B1532C}.Debug|Any CPU.Build.0 = Debug|Any CPU
		{4DD821A8-E075-49E4-AB66-E03EC5B1532C}.Release|Any CPU.ActiveCfg = Release|Any CPU
		{4DD821A8-E075-49E4-AB66-E03EC5B1532C}.Release|Any CPU.Build.0 = Release|Any CPU
		{E3674974-A3A0-4907-A9A4-314EEA5ADB43}.Debug|Any CPU.ActiveCfg = Debug|Any CPU
		{E3674974-A3A0-4907-A9A4-314EEA5ADB43}.Debug|Any CPU.Build.0 = Debug|Any CPU
		{E3674974-A3A0-4907-A9A4-314EEA5ADB43}.Release|Any CPU.ActiveCfg = Release|Any CPU
		{E3674974-A3A0-4907-A9A4-314EEA5ADB43}.Release|Any CPU.Build.0 = Release|Any CPU
		{90BE4EB5-49E2-40D6-8E2A-7668E338A738}.Debug|Any CPU.ActiveCfg = Debug|Any CPU
		{90BE4EB5-49E2-40D6-8E2A-7668E338A738}.Debug|Any CPU.Build.0 = Debug|Any CPU
		{90BE4EB5-49E2-40D6-8E2A-7668E338A738}.Release|Any CPU.ActiveCfg = Release|Any CPU
		{90BE4EB5-49E2-40D6-8E2A-7668E338A738}.Release|Any CPU.Build.0 = Release|Any CPU
		{ABFB5AC2-F6D6-4B71-820D-27667B92BEF7}.Debug|Any CPU.ActiveCfg = Debug|Any CPU
		{ABFB5AC2-F6D6-4B71-820D-27667B92BEF7}.Debug|Any CPU.Build.0 = Debug|Any CPU
		{ABFB5AC2-F6D6-4B71-820D-27667B92BEF7}.Release|Any CPU.ActiveCfg = Release|Any CPU
		{ABFB5AC2-F6D6-4B71-820D-27667B92BEF7}.Release|Any CPU.Build.0 = Release|Any CPU
		{153B3DFE-C9A7-4406-BA02-F50870ED46F4}.Debug|Any CPU.ActiveCfg = Debug|Any CPU
		{153B3DFE-C9A7-4406-BA02-F50870ED46F4}.Debug|Any CPU.Build.0 = Debug|Any CPU
		{153B3DFE-C9A7-4406-BA02-F50870ED46F4}.Release|Any CPU.ActiveCfg = Release|Any CPU
		{153B3DFE-C9A7-4406-BA02-F50870ED46F4}.Release|Any CPU.Build.0 = Release|Any CPU
		{9A28C867-A97D-4F6A-8E31-35635066E0ED}.Debug|Any CPU.ActiveCfg = Debug|Any CPU
		{9A28C867-A97D-4F6A-8E31-35635066E0ED}.Debug|Any CPU.Build.0 = Debug|Any CPU
		{9A28C867-A97D-4F6A-8E31-35635066E0ED}.Release|Any CPU.ActiveCfg = Release|Any CPU
		{9A28C867-A97D-4F6A-8E31-35635066E0ED}.Release|Any CPU.Build.0 = Release|Any CPU
		{52A33649-5ADE-4141-8033-E1FCB96839A8}.Debug|Any CPU.ActiveCfg = Debug|Any CPU
		{52A33649-5ADE-4141-8033-E1FCB96839A8}.Debug|Any CPU.Build.0 = Debug|Any CPU
		{52A33649-5ADE-4141-8033-E1FCB96839A8}.Release|Any CPU.ActiveCfg = Release|Any CPU
		{52A33649-5ADE-4141-8033-E1FCB96839A8}.Release|Any CPU.Build.0 = Release|Any CPU
		{A182E48D-A6F8-4EFA-A887-5308EE46637F}.Debug|Any CPU.ActiveCfg = Debug|Any CPU
		{A182E48D-A6F8-4EFA-A887-5308EE46637F}.Debug|Any CPU.Build.0 = Debug|Any CPU
		{A182E48D-A6F8-4EFA-A887-5308EE46637F}.Release|Any CPU.ActiveCfg = Release|Any CPU
		{A182E48D-A6F8-4EFA-A887-5308EE46637F}.Release|Any CPU.Build.0 = Release|Any CPU
		{B4BA8370-8166-49D8-AA85-D3FB3109DE1F}.Debug|Any CPU.ActiveCfg = Debug|Any CPU
		{B4BA8370-8166-49D8-AA85-D3FB3109DE1F}.Debug|Any CPU.Build.0 = Debug|Any CPU
		{B4BA8370-8166-49D8-AA85-D3FB3109DE1F}.Release|Any CPU.ActiveCfg = Release|Any CPU
		{B4BA8370-8166-49D8-AA85-D3FB3109DE1F}.Release|Any CPU.Build.0 = Release|Any CPU
		{7B821C82-A6AC-4F63-9B90-F903A634F8FE}.Debug|Any CPU.ActiveCfg = Debug|Any CPU
		{7B821C82-A6AC-4F63-9B90-F903A634F8FE}.Debug|Any CPU.Build.0 = Debug|Any CPU
		{7B821C82-A6AC-4F63-9B90-F903A634F8FE}.Release|Any CPU.ActiveCfg = Release|Any CPU
		{7B821C82-A6AC-4F63-9B90-F903A634F8FE}.Release|Any CPU.Build.0 = Release|Any CPU
		{BB69B3D7-4119-472F-9346-B93FFD1FC3B9}.Debug|Any CPU.ActiveCfg = Debug|Any CPU
		{BB69B3D7-4119-472F-9346-B93FFD1FC3B9}.Debug|Any CPU.Build.0 = Debug|Any CPU
		{BB69B3D7-4119-472F-9346-B93FFD1FC3B9}.Release|Any CPU.ActiveCfg = Release|Any CPU
		{BB69B3D7-4119-472F-9346-B93FFD1FC3B9}.Release|Any CPU.Build.0 = Release|Any CPU
		{B48D508C-5F9E-4923-AA08-070445EC030E}.Debug|Any CPU.ActiveCfg = Debug|Any CPU
		{B48D508C-5F9E-4923-AA08-070445EC030E}.Debug|Any CPU.Build.0 = Debug|Any CPU
		{B48D508C-5F9E-4923-AA08-070445EC030E}.Release|Any CPU.ActiveCfg = Release|Any CPU
		{B48D508C-5F9E-4923-AA08-070445EC030E}.Release|Any CPU.Build.0 = Release|Any CPU
	EndGlobalSection
	GlobalSection(SolutionProperties) = preSolution
		HideSolutionNode = FALSE
	EndGlobalSection
	GlobalSection(NestedProjects) = preSolution
		{4DD821A8-E075-49E4-AB66-E03EC5B1532C} = {5B54B2CD-C094-4D42-A526-3BA1FCE7F12D}
		{E3674974-A3A0-4907-A9A4-314EEA5ADB43} = {A8F398C2-C2B8-4F50-AF40-B486FF957807}
		{90BE4EB5-49E2-40D6-8E2A-7668E338A738} = {A8F398C2-C2B8-4F50-AF40-B486FF957807}
		{ABFB5AC2-F6D6-4B71-820D-27667B92BEF7} = {A8F398C2-C2B8-4F50-AF40-B486FF957807}
		{153B3DFE-C9A7-4406-BA02-F50870ED46F4} = {3AE3552B-A91A-4F69-BAD8-1EF0DD304579}
		{9A28C867-A97D-4F6A-8E31-35635066E0ED} = {E36C48EC-B4B9-4623-AE65-B875601D7510}
		{52A33649-5ADE-4141-8033-E1FCB96839A8} = {575755DF-EE6A-4074-BB35-39A4C10E6E04}
		{A182E48D-A6F8-4EFA-A887-5308EE46637F} = {E36C48EC-B4B9-4623-AE65-B875601D7510}
		{B4BA8370-8166-49D8-AA85-D3FB3109DE1F} = {E36C48EC-B4B9-4623-AE65-B875601D7510}
		{7B821C82-A6AC-4F63-9B90-F903A634F8FE} = {41C7F671-537A-4A73-8DB8-697EB45B4020}
		{BB69B3D7-4119-472F-9346-B93FFD1FC3B9} = {41C7F671-537A-4A73-8DB8-697EB45B4020}
		{B48D508C-5F9E-4923-AA08-070445EC030E} = {41C7F671-537A-4A73-8DB8-697EB45B4020}
	EndGlobalSection
	GlobalSection(ExtensibilityGlobals) = postSolution
		SolutionGuid = {26DBCCB6-83F5-4027-B14B-04C8B1409DBC}
	EndGlobalSection
EndGlobal
