
Microsoft Visual Studio Solution File, Format Version 12.00
# Visual Studio Version 16
VisualStudioVersion = 16.0.31911.196
MinimumVisualStudioVersion = 10.0.40219.1
Project("{2150E333-8FDC-42A3-9474-1A3956D46DE8}") = "ApiGateway", "ApiGateway", "{5B54B2CD-C094-4D42-A526-3BA1FCE7F12D}"
EndProject
Project("{9A19103F-16F7-4668-BE54-9A1E7A4F7556}") = "ApiGateway", "ApiGateway\ApiGateway.csproj", "{4DD821A8-E075-49E4-AB66-E03EC5B1532C}"
EndProject
Project("{2150E333-8FDC-42A3-9474-1A3956D46DE8}") = "EmployeeMicroservice", "EmployeeMicroservice", "{A8F398C2-C2B8-4F50-AF40-B486FF957807}"
EndProject
Project("{2150E333-8FDC-42A3-9474-1A3956D46DE8}") = "CourseMicroservice", "CourseMicroservice", "{202D7BD1-0113-4BF1-A3AC-B8314F361B7B}"
EndProject
Project("{9A19103F-16F7-4668-BE54-9A1E7A4F7556}") = "CourseMicroservice.Db", "CourseMicroservice\CourseMicroservice.Db\CourseMicroservice.Db.csproj", "{C2ADC501-CDF9-4F21-921F-3FAFB197A0EC}"
EndProject
Project("{9A19103F-16F7-4668-BE54-9A1E7A4F7556}") = "EmployeeMicroservice.Db", "EmployeeMicroservice\EmployeeMicroservice.Db\EmployeeMicroservice.Db.csproj", "{E3674974-A3A0-4907-A9A4-314EEA5ADB43}"
EndProject
Project("{9A19103F-16F7-4668-BE54-9A1E7A4F7556}") = "EmployeeMicroservice", "EmployeeMicroservice\EmployeeMicroservice\EmployeeMicroservice.csproj", "{90BE4EB5-49E2-40D6-8E2A-7668E338A738}"
EndProject
Project("{9A19103F-16F7-4668-BE54-9A1E7A4F7556}") = "CourseMicroservice", "CourseMicroservice\CourseMicroservice\CourseMicroservice.csproj", "{3407EF4A-FCDB-42B5-B082-8DCF8EF3376F}"
EndProject
Project("{2150E333-8FDC-42A3-9474-1A3956D46DE8}") = "Common", "Common", "{3AE3552B-A91A-4F69-BAD8-1EF0DD304579}"
EndProject
Project("{FAE04EC0-301F-11D3-BF4B-00C04F79EFBC}") = "EmployeeMicroservice.Services", "EmployeeMicroservice\EmployeeMicroservice.Services\EmployeeMicroservice.Services.csproj", "{ABFB5AC2-F6D6-4B71-820D-27667B92BEF7}"
EndProject
Project("{FAE04EC0-301F-11D3-BF4B-00C04F79EFBC}") = "Common", "Common\Common.csproj", "{153B3DFE-C9A7-4406-BA02-F50870ED46F4}"
EndProject
Project("{FAE04EC0-301F-11D3-BF4B-00C04F79EFBC}") = "CourseMicroservice.Services", "CourseMicroservice\CourseMicroservice.Services\CourseMicroservice.Services.csproj", "{CEB96116-97BF-4B45-B8FE-FD730E901F19}"
EndProject
Global
	GlobalSection(SolutionConfigurationPlatforms) = preSolution
		Debug|Any CPU = Debug|Any CPU
		Release|Any CPU = Release|Any CPU
	EndGlobalSection
	GlobalSection(ProjectConfigurationPlatforms) = postSolution
		{4DD821A8-E075-49E4-AB66-E03EC5B1532C}.Debug|Any CPU.ActiveCfg = Debug|Any CPU
		{4DD821A8-E075-49E4-AB66-E03EC5B1532C}.Debug|Any CPU.Build.0 = Debug|Any CPU
		{4DD821A8-E075-49E4-AB66-E03EC5B1532C}.Release|Any CPU.ActiveCfg = Release|Any CPU
		{4DD821A8-E075-49E4-AB66-E03EC5B1532C}.Release|Any CPU.Build.0 = Release|Any CPU
		{C2ADC501-CDF9-4F21-921F-3FAFB197A0EC}.Debug|Any CPU.ActiveCfg = Debug|Any CPU
		{C2ADC501-CDF9-4F21-921F-3FAFB197A0EC}.Debug|Any CPU.Build.0 = Debug|Any CPU
		{C2ADC501-CDF9-4F21-921F-3FAFB197A0EC}.Release|Any CPU.ActiveCfg = Release|Any CPU
		{C2ADC501-CDF9-4F21-921F-3FAFB197A0EC}.Release|Any CPU.Build.0 = Release|Any CPU
		{E3674974-A3A0-4907-A9A4-314EEA5ADB43}.Debug|Any CPU.ActiveCfg = Debug|Any CPU
		{E3674974-A3A0-4907-A9A4-314EEA5ADB43}.Debug|Any CPU.Build.0 = Debug|Any CPU
		{E3674974-A3A0-4907-A9A4-314EEA5ADB43}.Release|Any CPU.ActiveCfg = Release|Any CPU
		{E3674974-A3A0-4907-A9A4-314EEA5ADB43}.Release|Any CPU.Build.0 = Release|Any CPU
		{90BE4EB5-49E2-40D6-8E2A-7668E338A738}.Debug|Any CPU.ActiveCfg = Debug|Any CPU
		{90BE4EB5-49E2-40D6-8E2A-7668E338A738}.Debug|Any CPU.Build.0 = Debug|Any CPU
		{90BE4EB5-49E2-40D6-8E2A-7668E338A738}.Release|Any CPU.ActiveCfg = Release|Any CPU
		{90BE4EB5-49E2-40D6-8E2A-7668E338A738}.Release|Any CPU.Build.0 = Release|Any CPU
		{3407EF4A-FCDB-42B5-B082-8DCF8EF3376F}.Debug|Any CPU.ActiveCfg = Debug|Any CPU
		{3407EF4A-FCDB-42B5-B082-8DCF8EF3376F}.Debug|Any CPU.Build.0 = Debug|Any CPU
		{3407EF4A-FCDB-42B5-B082-8DCF8EF3376F}.Release|Any CPU.ActiveCfg = Release|Any CPU
		{3407EF4A-FCDB-42B5-B082-8DCF8EF3376F}.Release|Any CPU.Build.0 = Release|Any CPU
		{ABFB5AC2-F6D6-4B71-820D-27667B92BEF7}.Debug|Any CPU.ActiveCfg = Debug|Any CPU
		{ABFB5AC2-F6D6-4B71-820D-27667B92BEF7}.Debug|Any CPU.Build.0 = Debug|Any CPU
		{ABFB5AC2-F6D6-4B71-820D-27667B92BEF7}.Release|Any CPU.ActiveCfg = Release|Any CPU
		{ABFB5AC2-F6D6-4B71-820D-27667B92BEF7}.Release|Any CPU.Build.0 = Release|Any CPU
		{153B3DFE-C9A7-4406-BA02-F50870ED46F4}.Debug|Any CPU.ActiveCfg = Debug|Any CPU
		{153B3DFE-C9A7-4406-BA02-F50870ED46F4}.Debug|Any CPU.Build.0 = Debug|Any CPU
		{153B3DFE-C9A7-4406-BA02-F50870ED46F4}.Release|Any CPU.ActiveCfg = Release|Any CPU
		{153B3DFE-C9A7-4406-BA02-F50870ED46F4}.Release|Any CPU.Build.0 = Release|Any CPU
		{CEB96116-97BF-4B45-B8FE-FD730E901F19}.Debug|Any CPU.ActiveCfg = Debug|Any CPU
		{CEB96116-97BF-4B45-B8FE-FD730E901F19}.Debug|Any CPU.Build.0 = Debug|Any CPU
		{CEB96116-97BF-4B45-B8FE-FD730E901F19}.Release|Any CPU.ActiveCfg = Release|Any CPU
		{CEB96116-97BF-4B45-B8FE-FD730E901F19}.Release|Any CPU.Build.0 = Release|Any CPU
	EndGlobalSection
	GlobalSection(SolutionProperties) = preSolution
		HideSolutionNode = FALSE
	EndGlobalSection
	GlobalSection(NestedProjects) = preSolution
		{4DD821A8-E075-49E4-AB66-E03EC5B1532C} = {5B54B2CD-C094-4D42-A526-3BA1FCE7F12D}
		{C2ADC501-CDF9-4F21-921F-3FAFB197A0EC} = {202D7BD1-0113-4BF1-A3AC-B8314F361B7B}
		{E3674974-A3A0-4907-A9A4-314EEA5ADB43} = {A8F398C2-C2B8-4F50-AF40-B486FF957807}
		{90BE4EB5-49E2-40D6-8E2A-7668E338A738} = {A8F398C2-C2B8-4F50-AF40-B486FF957807}
		{3407EF4A-FCDB-42B5-B082-8DCF8EF3376F} = {202D7BD1-0113-4BF1-A3AC-B8314F361B7B}
		{ABFB5AC2-F6D6-4B71-820D-27667B92BEF7} = {A8F398C2-C2B8-4F50-AF40-B486FF957807}
		{153B3DFE-C9A7-4406-BA02-F50870ED46F4} = {3AE3552B-A91A-4F69-BAD8-1EF0DD304579}
		{CEB96116-97BF-4B45-B8FE-FD730E901F19} = {202D7BD1-0113-4BF1-A3AC-B8314F361B7B}
	EndGlobalSection
	GlobalSection(ExtensibilityGlobals) = postSolution
		SolutionGuid = {26DBCCB6-83F5-4027-B14B-04C8B1409DBC}
	EndGlobalSection
EndGlobal
